
Microsoft Visual Studio Solution File, Format Version 12.00
# Visual Studio Version 17
VisualStudioVersion = 17.7.34031.279
MinimumVisualStudioVersion = 10.0.40219.1
Project("{FAE04EC0-301F-11D3-BF4B-00C04F79EFBC}") = "midterm", "midterm\midterm.csproj", "{23B965FF-ADD7-4ABA-B6C0-30E434C89319}"
EndProject
Global
	GlobalSection(SolutionConfigurationPlatforms) = preSolution
		Debug|Any CPU = Debug|Any CPU
		Release|Any CPU = Release|Any CPU
	EndGlobalSection
	GlobalSection(ProjectConfigurationPlatforms) = postSolution
		{23B965FF-ADD7-4ABA-B6C0-30E434C89319}.Debug|Any CPU.ActiveCfg = Debug|Any CPU
		{23B965FF-ADD7-4ABA-B6C0-30E434C89319}.Debug|Any CPU.Build.0 = Debug|Any CPU
		{23B965FF-ADD7-4ABA-B6C0-30E434C89319}.Release|Any CPU.ActiveCfg = Release|Any CPU
		{23B965FF-ADD7-4ABA-B6C0-30E434C89319}.Release|Any CPU.Build.0 = Release|Any CPU
	EndGlobalSection
	GlobalSection(SolutionProperties) = preSolution
		HideSolutionNode = FALSE
	EndGlobalSection
	GlobalSection(ExtensibilityGlobals) = postSolution
		SolutionGuid = {EF7BE587-4F7E-478A-9967-748B2A2473BC}
	EndGlobalSection
EndGlobal
